
Microsoft Visual Studio Solution File, Format Version 12.00
# Visual Studio 14
VisualStudioVersion = 14.0.25123.0
MinimumVisualStudioVersion = 10.0.40219.1
Project("{FAE04EC0-301F-11D3-BF4B-00C04F79EFBC}") = "DemoBP", "DemoBP\DemoBP.csproj", "{DFDB2533-E2C0-4A7E-9866-708EDDCB675D}"
EndProject
Project("{FAE04EC0-301F-11D3-BF4B-00C04F79EFBC}") = "DemoBP.Tests", "DemoBP.Tests\DemoBP.Tests.csproj", "{F8EBA5FB-9BCD-44F9-B1AD-57E7595E5FF7}"
EndProject
Global
	GlobalSection(SolutionConfigurationPlatforms) = preSolution
		Debug|Any CPU = Debug|Any CPU
		Release|Any CPU = Release|Any CPU
	EndGlobalSection
	GlobalSection(ProjectConfigurationPlatforms) = postSolution
		{DFDB2533-E2C0-4A7E-9866-708EDDCB675D}.Debug|Any CPU.ActiveCfg = Debug|Any CPU
		{DFDB2533-E2C0-4A7E-9866-708EDDCB675D}.Debug|Any CPU.Build.0 = Debug|Any CPU
		{DFDB2533-E2C0-4A7E-9866-708EDDCB675D}.Release|Any CPU.ActiveCfg = Release|Any CPU
		{DFDB2533-E2C0-4A7E-9866-708EDDCB675D}.Release|Any CPU.Build.0 = Release|Any CPU
		{F8EBA5FB-9BCD-44F9-B1AD-57E7595E5FF7}.Debug|Any CPU.ActiveCfg = Debug|Any CPU
		{F8EBA5FB-9BCD-44F9-B1AD-57E7595E5FF7}.Debug|Any CPU.Build.0 = Debug|Any CPU
		{F8EBA5FB-9BCD-44F9-B1AD-57E7595E5FF7}.Release|Any CPU.ActiveCfg = Release|Any CPU
		{F8EBA5FB-9BCD-44F9-B1AD-57E7595E5FF7}.Release|Any CPU.Build.0 = Release|Any CPU
	EndGlobalSection
	GlobalSection(SolutionProperties) = preSolution
		HideSolutionNode = FALSE
	EndGlobalSection
EndGlobal
